{
    "_readme": [
        "This file locks the dependencies of your project to a known state",
        "Read more about it at https://getcomposer.org/doc/01-basic-usage.md#installing-dependencies",
        "This file is @generated automatically"
    ],
    "content-hash": "2be81518337b181beffc9578542aa454",
    "packages": [
        {
            "name": "nulldark/collection",
            "version": "v1.0.0",
            "source": {
                "type": "git",
                "url": "https://github.com/nulldark/collection.git",
                "reference": "b4857c1dc35986b0104a0c76283b92af68d5c102"
            },
            "dist": {
                "type": "zip",
                "url": "https://api.github.com/repos/nulldark/collection/zipball/b4857c1dc35986b0104a0c76283b92af68d5c102",
                "reference": "b4857c1dc35986b0104a0c76283b92af68d5c102",
                "shasum": ""
            },
            "require-dev": {
                "bamarni/composer-bin-plugin": "1.8.2"
            },
            "type": "project",
            "extra": {
                "bamarni-bin": {
                    "bin-links": false,
                    "forward-command": true,
                    "target-directory": "tools"
                }
            },
            "autoload": {
                "psr-4": {
                    "Nulldark\\Collection\\": "src/Collection/"
                }
            },
            "notification-url": "https://packagist.org/downloads/",
            "license": [
                "MIT"
            ],
            "authors": [
                {
                    "name": "Dominik Szamburski",
                    "email": "dominikszamburski99@gmail.com"
                }
            ],
            "description": "A library for representing and manipulating collections.",
            "support": {
                "issues": "https://github.com/nulldark/collection/issues",
                "source": "https://github.com/nulldark/collection/tree/v1.0.0"
            },
            "time": "2023-10-15T10:37:10+00:00"
        }
    ],
    "packages-dev": [
        {
            "name": "bamarni/composer-bin-plugin",
            "version": "1.8.2",
            "source": {
                "type": "git",
                "url": "https://github.com/bamarni/composer-bin-plugin.git",
                "reference": "92fd7b1e6e9cdae19b0d57369d8ad31a37b6a880"
            },
            "dist": {
                "type": "zip",
                "url": "https://api.github.com/repos/bamarni/composer-bin-plugin/zipball/92fd7b1e6e9cdae19b0d57369d8ad31a37b6a880",
                "reference": "92fd7b1e6e9cdae19b0d57369d8ad31a37b6a880",
                "shasum": ""
            },
            "require": {
                "composer-plugin-api": "^2.0",
                "php": "^7.2.5 || ^8.0"
            },
            "require-dev": {
                "composer/composer": "^2.0",
                "ext-json": "*",
                "phpstan/extension-installer": "^1.1",
                "phpstan/phpstan": "^1.8",
                "phpstan/phpstan-phpunit": "^1.1",
                "phpunit/phpunit": "^8.5 || ^9.5",
                "symfony/console": "^2.8.52 || ^3.4.35 || ^4.4 || ^5.0 || ^6.0",
                "symfony/finder": "^2.8.52 || ^3.4.35 || ^4.4 || ^5.0 || ^6.0",
                "symfony/process": "^2.8.52 || ^3.4.35 || ^4.4 || ^5.0 || ^6.0"
            },
            "type": "composer-plugin",
            "extra": {
                "class": "Bamarni\\Composer\\Bin\\BamarniBinPlugin"
            },
            "autoload": {
                "psr-4": {
                    "Bamarni\\Composer\\Bin\\": "src"
                }
            },
            "notification-url": "https://packagist.org/downloads/",
            "license": [
                "MIT"
            ],
            "description": "No conflicts for your bin dependencies",
            "keywords": [
                "composer",
                "conflict",
                "dependency",
                "executable",
                "isolation",
                "tool"
            ],
            "support": {
                "issues": "https://github.com/bamarni/composer-bin-plugin/issues",
                "source": "https://github.com/bamarni/composer-bin-plugin/tree/1.8.2"
            },
            "time": "2022-10-31T08:38:03+00:00"
        }
    ],
    "aliases": [],
    "minimum-stability": "stable",
    "stability-flags": [],
    "prefer-stable": false,
    "prefer-lowest": false,
    "platform": {
        "ext-pdo": "*"
    },
    "platform-dev": [],
    "plugin-api-version": "2.6.0"
}
